
Microsoft Visual Studio Solution File, Format Version 12.00
# Visual Studio Version 17
VisualStudioVersion = 17.14.36401.2 d17.14
MinimumVisualStudioVersion = 10.0.40219.1
Project("{FAE04EC0-301F-11D3-BF4B-00C04F79EFBC}") = "front-end", "front-end\front-end.csproj", "{7956ED44-9B6A-44C8-AF9C-F47D3FD4C914}"
EndProject
Global
	GlobalSection(SolutionConfigurationPlatforms) = preSolution
		Debug|Any CPU = Debug|Any CPU
		Release|Any CPU = Release|Any CPU
	EndGlobalSection
	GlobalSection(ProjectConfigurationPlatforms) = postSolution
		{7956ED44-9B6A-44C8-AF9C-F47D3FD4C914}.Debug|Any CPU.ActiveCfg = Debug|Any CPU
		{7956ED44-9B6A-44C8-AF9C-F47D3FD4C914}.Debug|Any CPU.Build.0 = Debug|Any CPU
		{7956ED44-9B6A-44C8-AF9C-F47D3FD4C914}.Release|Any CPU.ActiveCfg = Release|Any CPU
		{7956ED44-9B6A-44C8-AF9C-F47D3FD4C914}.Release|Any CPU.Build.0 = Release|Any CPU
	EndGlobalSection
	GlobalSection(SolutionProperties) = preSolution
		HideSolutionNode = FALSE
	EndGlobalSection
	GlobalSection(ExtensibilityGlobals) = postSolution
		SolutionGuid = {6D107D0D-BF27-4F50-BB61-1CD6FE0E4227}
	EndGlobalSection
EndGlobal
